
Microsoft Visual Studio Solution File, Format Version 12.00
# Visual Studio Version 17
VisualStudioVersion = 17.14.36518.9 d17.14
MinimumVisualStudioVersion = 10.0.40219.1
Project("{FAE04EC0-301F-11D3-BF4B-00C04F79EFBC}") = "GmailRegistrationDemo", "GmailRegistrationDemo\GmailRegistrationDemo.csproj", "{0EC730EF-7E6D-417D-A6F7-CE0DF5AFE3AF}"
EndProject
Global
	GlobalSection(SolutionConfigurationPlatforms) = preSolution
		Debug|Any CPU = Debug|Any CPU
		Release|Any CPU = Release|Any CPU
	EndGlobalSection
	GlobalSection(ProjectConfigurationPlatforms) = postSolution
		{0EC730EF-7E6D-417D-A6F7-CE0DF5AFE3AF}.Debug|Any CPU.ActiveCfg = Debug|Any CPU
		{0EC730EF-7E6D-417D-A6F7-CE0DF5AFE3AF}.Debug|Any CPU.Build.0 = Debug|Any CPU
		{0EC730EF-7E6D-417D-A6F7-CE0DF5AFE3AF}.Release|Any CPU.ActiveCfg = Release|Any CPU
		{0EC730EF-7E6D-417D-A6F7-CE0DF5AFE3AF}.Release|Any CPU.Build.0 = Release|Any CPU
	EndGlobalSection
	GlobalSection(SolutionProperties) = preSolution
		HideSolutionNode = FALSE
	EndGlobalSection
	GlobalSection(ExtensibilityGlobals) = postSolution
		SolutionGuid = {45B33B93-8EBD-4166-8B30-59B7886B3A68}
	EndGlobalSection
EndGlobal
